// !$*UTF8*$!
{
	archiveVersion = 1;
	classes = {
	};
	objectVersion = 46;
	objects = {

/* Begin PBXBuildFile section */
		4666F63B1594422900ECBFD3 /* TextureManager.m in Sources */ = {isa = PBXBuildFile; fileRef = 4666F63A1594422900ECBFD3 /* TextureManager.m */; };
		4666F63D1594449500ECBFD3 /* mg.png in Resources */ = {isa = PBXBuildFile; fileRef = 4666F63C1594449500ECBFD3 /* mg.png */; };
		46696F331594CDAA00D5C8F2 /* OGL2Renderer.m in Sources */ = {isa = PBXBuildFile; fileRef = 46696F321594CDAA00D5C8F2 /* OGL2Renderer.m */; };
		46696F371594D0B200D5C8F2 /* RenderTarget.m in Sources */ = {isa = PBXBuildFile; fileRef = 46696F361594D0B200D5C8F2 /* RenderTarget.m */; };
		46696F3A1594D3A800D5C8F2 /* UtilMatrix.m in Sources */ = {isa = PBXBuildFile; fileRef = 46696F391594D3A700D5C8F2 /* UtilMatrix.m */; };
		46696F3D1594DC9000D5C8F2 /* RenderProgram.m in Sources */ = {isa = PBXBuildFile; fileRef = 46696F3C1594DC9000D5C8F2 /* RenderProgram.m */; };
		46696F401594E10200D5C8F2 /* RenderPolygon.m in Sources */ = {isa = PBXBuildFile; fileRef = 46696F3F1594E10200D5C8F2 /* RenderPolygon.m */; };
		46696F431594E22A00D5C8F2 /* RenderTexture.m in Sources */ = {isa = PBXBuildFile; fileRef = 46696F421594E22A00D5C8F2 /* RenderTexture.m */; };
		46696F461594E3C900D5C8F2 /* ManagerFile.m in Sources */ = {isa = PBXBuildFile; fileRef = 46696F451594E3C900D5C8F2 /* ManagerFile.m */; };
		46696F4B1594E6AF00D5C8F2 /* colorbox.fs in Resources */ = {isa = PBXBuildFile; fileRef = 46696F471594E6AF00D5C8F2 /* colorbox.fs */; };
		46696F4C1594E6AF00D5C8F2 /* colorbox.vs in Resources */ = {isa = PBXBuildFile; fileRef = 46696F481594E6AF00D5C8F2 /* colorbox.vs */; };
		46696F4D1594E6AF00D5C8F2 /* texture.fs in Resources */ = {isa = PBXBuildFile; fileRef = 46696F491594E6AF00D5C8F2 /* texture.fs */; };
		46696F4E1594E6AF00D5C8F2 /* texture.vs in Resources */ = {isa = PBXBuildFile; fileRef = 46696F4A1594E6AF00D5C8F2 /* texture.vs */; };
		46E377871593E0F90027D0E5 /* UIKit.framework in Frameworks */ = {isa = PBXBuildFile; fileRef = 46E377861593E0F90027D0E5 /* UIKit.framework */; };
		46E377891593E0F90027D0E5 /* Foundation.framework in Frameworks */ = {isa = PBXBuildFile; fileRef = 46E377881593E0F90027D0E5 /* Foundation.framework */; };
		46E3778B1593E0F90027D0E5 /* CoreGraphics.framework in Frameworks */ = {isa = PBXBuildFile; fileRef = 46E3778A1593E0F90027D0E5 /* CoreGraphics.framework */; };
		46E377911593E0F90027D0E5 /* InfoPlist.strings in Resources */ = {isa = PBXBuildFile; fileRef = 46E3778F1593E0F90027D0E5 /* InfoPlist.strings */; };
		46E377931593E0F90027D0E5 /* main.m in Sources */ = {isa = PBXBuildFile; fileRef = 46E377921593E0F90027D0E5 /* main.m */; };
		46E377971593E0F90027D0E5 /* AppDelegate.m in Sources */ = {isa = PBXBuildFile; fileRef = 46E377961593E0F90027D0E5 /* AppDelegate.m */; };
		46E3779F1593E2170027D0E5 /* GenericRenderer.m in Sources */ = {isa = PBXBuildFile; fileRef = 46E3779E1593E2170027D0E5 /* GenericRenderer.m */; };
		46E377A21593E2D80027D0E5 /* GLView.m in Sources */ = {isa = PBXBuildFile; fileRef = 46E377A11593E2D80027D0E5 /* GLView.m */; };
		46E377A41593E6EC0027D0E5 /* QuartzCore.framework in Frameworks */ = {isa = PBXBuildFile; fileRef = 46E377A31593E6EC0027D0E5 /* QuartzCore.framework */; };
		46E377A61593E70D0027D0E5 /* OpenGLES.framework in Frameworks */ = {isa = PBXBuildFile; fileRef = 46E377A51593E70D0027D0E5 /* OpenGLES.framework */; };
		46E377A91593F4570027D0E5 /* OGL11Renderer.m in Sources */ = {isa = PBXBuildFile; fileRef = 46E377A81593F4570027D0E5 /* OGL11Renderer.m */; };
		46E377AE1593FAC70027D0E5 /* GenericProvider.m in Sources */ = {isa = PBXBuildFile; fileRef = 46E377AD1593FAC70027D0E5 /* GenericProvider.m */; };
		46E377B215940FD60027D0E5 /* PrimativeBuffer.m in Sources */ = {isa = PBXBuildFile; fileRef = 46E377B115940FD60027D0E5 /* PrimativeBuffer.m */; };
/* End PBXBuildFile section */

/* Begin PBXFileReference section */
		4666F6391594422900ECBFD3 /* TextureManager.h */ = {isa = PBXFileReference; fileEncoding = 4; lastKnownFileType = sourcecode.c.h; path = TextureManager.h; sourceTree = "<group>"; };
		4666F63A1594422900ECBFD3 /* TextureManager.m */ = {isa = PBXFileReference; fileEncoding = 4; lastKnownFileType = sourcecode.c.objc; path = TextureManager.m; sourceTree = "<group>"; };
		4666F63C1594449500ECBFD3 /* mg.png */ = {isa = PBXFileReference; lastKnownFileType = image.png; path = mg.png; sourceTree = "<group>"; };
		46696F311594CDAA00D5C8F2 /* OGL2Renderer.h */ = {isa = PBXFileReference; fileEncoding = 4; lastKnownFileType = sourcecode.c.h; path = OGL2Renderer.h; sourceTree = "<group>"; };
		46696F321594CDAA00D5C8F2 /* OGL2Renderer.m */ = {isa = PBXFileReference; fileEncoding = 4; lastKnownFileType = sourcecode.c.objc; path = OGL2Renderer.m; sourceTree = "<group>"; };
		46696F351594D0B200D5C8F2 /* RenderTarget.h */ = {isa = PBXFileReference; fileEncoding = 4; lastKnownFileType = sourcecode.c.h; path = RenderTarget.h; sourceTree = "<group>"; };
		46696F361594D0B200D5C8F2 /* RenderTarget.m */ = {isa = PBXFileReference; fileEncoding = 4; lastKnownFileType = sourcecode.c.objc; path = RenderTarget.m; sourceTree = "<group>"; };
		46696F381594D3A700D5C8F2 /* UtilMatrix.h */ = {isa = PBXFileReference; fileEncoding = 4; lastKnownFileType = sourcecode.c.h; path = UtilMatrix.h; sourceTree = "<group>"; };
		46696F391594D3A700D5C8F2 /* UtilMatrix.m */ = {isa = PBXFileReference; fileEncoding = 4; lastKnownFileType = sourcecode.c.objc; path = UtilMatrix.m; sourceTree = "<group>"; };
		46696F3B1594DC9000D5C8F2 /* RenderProgram.h */ = {isa = PBXFileReference; fileEncoding = 4; lastKnownFileType = sourcecode.c.h; path = RenderProgram.h; sourceTree = "<group>"; };
		46696F3C1594DC9000D5C8F2 /* RenderProgram.m */ = {isa = PBXFileReference; fileEncoding = 4; lastKnownFileType = sourcecode.c.objc; path = RenderProgram.m; sourceTree = "<group>"; };
		46696F3E1594E10200D5C8F2 /* RenderPolygon.h */ = {isa = PBXFileReference; fileEncoding = 4; lastKnownFileType = sourcecode.c.h; path = RenderPolygon.h; sourceTree = "<group>"; };
		46696F3F1594E10200D5C8F2 /* RenderPolygon.m */ = {isa = PBXFileReference; fileEncoding = 4; lastKnownFileType = sourcecode.c.objc; path = RenderPolygon.m; sourceTree = "<group>"; };
		46696F411594E22A00D5C8F2 /* RenderTexture.h */ = {isa = PBXFileReference; fileEncoding = 4; lastKnownFileType = sourcecode.c.h; path = RenderTexture.h; sourceTree = "<group>"; };
		46696F421594E22A00D5C8F2 /* RenderTexture.m */ = {isa = PBXFileReference; fileEncoding = 4; lastKnownFileType = sourcecode.c.objc; path = RenderTexture.m; sourceTree = "<group>"; };
		46696F441594E3C900D5C8F2 /* ManagerFile.h */ = {isa = PBXFileReference; fileEncoding = 4; lastKnownFileType = sourcecode.c.h; path = ManagerFile.h; sourceTree = "<group>"; };
		46696F451594E3C900D5C8F2 /* ManagerFile.m */ = {isa = PBXFileReference; fileEncoding = 4; lastKnownFileType = sourcecode.c.objc; path = ManagerFile.m; sourceTree = "<group>"; };
		46696F471594E6AF00D5C8F2 /* colorbox.fs */ = {isa = PBXFileReference; fileEncoding = 4; lastKnownFileType = sourcecode.glsl; path = colorbox.fs; sourceTree = "<group>"; };
		46696F481594E6AF00D5C8F2 /* colorbox.vs */ = {isa = PBXFileReference; fileEncoding = 4; lastKnownFileType = sourcecode.glsl; path = colorbox.vs; sourceTree = "<group>"; };
		46696F491594E6AF00D5C8F2 /* texture.fs */ = {isa = PBXFileReference; fileEncoding = 4; lastKnownFileType = sourcecode.glsl; path = texture.fs; sourceTree = "<group>"; };
		46696F4A1594E6AF00D5C8F2 /* texture.vs */ = {isa = PBXFileReference; fileEncoding = 4; lastKnownFileType = sourcecode.glsl; path = texture.vs; sourceTree = "<group>"; };
		46E377821593E0F90027D0E5 /* OpenGLES20GettingStarted.app */ = {isa = PBXFileReference; explicitFileType = wrapper.application; includeInIndex = 0; path = OpenGLES20GettingStarted.app; sourceTree = BUILT_PRODUCTS_DIR; };
		46E377861593E0F90027D0E5 /* UIKit.framework */ = {isa = PBXFileReference; lastKnownFileType = wrapper.framework; name = UIKit.framework; path = System/Library/Frameworks/UIKit.framework; sourceTree = SDKROOT; };
		46E377881593E0F90027D0E5 /* Foundation.framework */ = {isa = PBXFileReference; lastKnownFileType = wrapper.framework; name = Foundation.framework; path = System/Library/Frameworks/Foundation.framework; sourceTree = SDKROOT; };
		46E3778A1593E0F90027D0E5 /* CoreGraphics.framework */ = {isa = PBXFileReference; lastKnownFileType = wrapper.framework; name = CoreGraphics.framework; path = System/Library/Frameworks/CoreGraphics.framework; sourceTree = SDKROOT; };
		46E3778E1593E0F90027D0E5 /* OpenGLES20GettingStarted-Info.plist */ = {isa = PBXFileReference; lastKnownFileType = text.plist.xml; path = "OpenGLES20GettingStarted-Info.plist"; sourceTree = "<group>"; };
		46E377901593E0F90027D0E5 /* en */ = {isa = PBXFileReference; lastKnownFileType = text.plist.strings; name = en; path = en.lproj/InfoPlist.strings; sourceTree = "<group>"; };
		46E377921593E0F90027D0E5 /* main.m */ = {isa = PBXFileReference; lastKnownFileType = sourcecode.c.objc; path = main.m; sourceTree = "<group>"; };
		46E377941593E0F90027D0E5 /* OpenGLES20GettingStarted-Prefix.pch */ = {isa = PBXFileReference; lastKnownFileType = sourcecode.c.h; path = "OpenGLES20GettingStarted-Prefix.pch"; sourceTree = "<group>"; };
		46E377951593E0F90027D0E5 /* AppDelegate.h */ = {isa = PBXFileReference; lastKnownFileType = sourcecode.c.h; path = AppDelegate.h; sourceTree = "<group>"; };
		46E377961593E0F90027D0E5 /* AppDelegate.m */ = {isa = PBXFileReference; lastKnownFileType = sourcecode.c.objc; path = AppDelegate.m; sourceTree = "<group>"; };
		46E3779D1593E2170027D0E5 /* GenericRenderer.h */ = {isa = PBXFileReference; fileEncoding = 4; lastKnownFileType = sourcecode.c.h; path = GenericRenderer.h; sourceTree = "<group>"; };
		46E3779E1593E2170027D0E5 /* GenericRenderer.m */ = {isa = PBXFileReference; fileEncoding = 4; lastKnownFileType = sourcecode.c.objc; path = GenericRenderer.m; sourceTree = "<group>"; };
		46E377A01593E2D80027D0E5 /* GLView.h */ = {isa = PBXFileReference; fileEncoding = 4; lastKnownFileType = sourcecode.c.h; path = GLView.h; sourceTree = "<group>"; };
		46E377A11593E2D80027D0E5 /* GLView.m */ = {isa = PBXFileReference; fileEncoding = 4; lastKnownFileType = sourcecode.c.objc; path = GLView.m; sourceTree = "<group>"; };
		46E377A31593E6EC0027D0E5 /* QuartzCore.framework */ = {isa = PBXFileReference; lastKnownFileType = wrapper.framework; name = QuartzCore.framework; path = System/Library/Frameworks/QuartzCore.framework; sourceTree = SDKROOT; };
		46E377A51593E70D0027D0E5 /* OpenGLES.framework */ = {isa = PBXFileReference; lastKnownFileType = wrapper.framework; name = OpenGLES.framework; path = System/Library/Frameworks/OpenGLES.framework; sourceTree = SDKROOT; };
		46E377A71593F4570027D0E5 /* OGL11Renderer.h */ = {isa = PBXFileReference; fileEncoding = 4; lastKnownFileType = sourcecode.c.h; path = OGL11Renderer.h; sourceTree = "<group>"; };
		46E377A81593F4570027D0E5 /* OGL11Renderer.m */ = {isa = PBXFileReference; fileEncoding = 4; lastKnownFileType = sourcecode.c.objc; path = OGL11Renderer.m; sourceTree = "<group>"; };
		46E377AA1593F49E0027D0E5 /* RenderConsumer.h */ = {isa = PBXFileReference; lastKnownFileType = sourcecode.c.h; path = RenderConsumer.h; sourceTree = "<group>"; };
		46E377AB1593FA590027D0E5 /* RenderProvider.h */ = {isa = PBXFileReference; lastKnownFileType = sourcecode.c.h; path = RenderProvider.h; sourceTree = "<group>"; };
		46E377AC1593FAC70027D0E5 /* GenericProvider.h */ = {isa = PBXFileReference; fileEncoding = 4; lastKnownFileType = sourcecode.c.h; path = GenericProvider.h; sourceTree = "<group>"; };
		46E377AD1593FAC70027D0E5 /* GenericProvider.m */ = {isa = PBXFileReference; fileEncoding = 4; lastKnownFileType = sourcecode.c.objc; path = GenericProvider.m; sourceTree = "<group>"; };
		46E377AF159405690027D0E5 /* RenderTypes.h */ = {isa = PBXFileReference; lastKnownFileType = sourcecode.c.h; path = RenderTypes.h; sourceTree = "<group>"; };
		46E377B015940FD60027D0E5 /* PrimativeBuffer.h */ = {isa = PBXFileReference; fileEncoding = 4; lastKnownFileType = sourcecode.c.h; path = PrimativeBuffer.h; sourceTree = "<group>"; };
		46E377B115940FD60027D0E5 /* PrimativeBuffer.m */ = {isa = PBXFileReference; fileEncoding = 4; lastKnownFileType = sourcecode.c.objc; path = PrimativeBuffer.m; sourceTree = "<group>"; };
/* End PBXFileReference section */

/* Begin PBXFrameworksBuildPhase section */
		46E3777F1593E0F90027D0E5 /* Frameworks */ = {
			isa = PBXFrameworksBuildPhase;
			buildActionMask = 2147483647;
			files = (
				46E377A61593E70D0027D0E5 /* OpenGLES.framework in Frameworks */,
				46E377A41593E6EC0027D0E5 /* QuartzCore.framework in Frameworks */,
				46E377871593E0F90027D0E5 /* UIKit.framework in Frameworks */,
				46E377891593E0F90027D0E5 /* Foundation.framework in Frameworks */,
				46E3778B1593E0F90027D0E5 /* CoreGraphics.framework in Frameworks */,
			);
			runOnlyForDeploymentPostprocessing = 0;
		};
/* End PBXFrameworksBuildPhase section */

/* Begin PBXGroup section */
		46E377771593E0F90027D0E5 = {
			isa = PBXGroup;
			children = (
				46E3778C1593E0F90027D0E5 /* OpenGLES20GettingStarted */,
				46E377851593E0F90027D0E5 /* Frameworks */,
				46E377831593E0F90027D0E5 /* Products */,
			);
			sourceTree = "<group>";
		};
		46E377831593E0F90027D0E5 /* Products */ = {
			isa = PBXGroup;
			children = (
				46E377821593E0F90027D0E5 /* OpenGLES20GettingStarted.app */,
			);
			name = Products;
			sourceTree = "<group>";
		};
		46E377851593E0F90027D0E5 /* Frameworks */ = {
			isa = PBXGroup;
			children = (
				46E3778A1593E0F90027D0E5 /* CoreGraphics.framework */,
				46E377881593E0F90027D0E5 /* Foundation.framework */,
				46E377A51593E70D0027D0E5 /* OpenGLES.framework */,
				46E377A31593E6EC0027D0E5 /* QuartzCore.framework */,
				46E377861593E0F90027D0E5 /* UIKit.framework */,
			);
			name = Frameworks;
			sourceTree = "<group>";
		};
		46E3778C1593E0F90027D0E5 /* OpenGLES20GettingStarted */ = {
			isa = PBXGroup;
			children = (
				46E377951593E0F90027D0E5 /* AppDelegate.h */,
				46E377961593E0F90027D0E5 /* AppDelegate.m */,
				46E377AC1593FAC70027D0E5 /* GenericProvider.h */,
				46E377AD1593FAC70027D0E5 /* GenericProvider.m */,
				46E3779D1593E2170027D0E5 /* GenericRenderer.h */,
				46E3779E1593E2170027D0E5 /* GenericRenderer.m */,
				46E377A01593E2D80027D0E5 /* GLView.h */,
				46E377A11593E2D80027D0E5 /* GLView.m */,
				46E377A71593F4570027D0E5 /* OGL11Renderer.h */,
				46E377A81593F4570027D0E5 /* OGL11Renderer.m */,
				46E377B015940FD60027D0E5 /* PrimativeBuffer.h */,
				46E377B115940FD60027D0E5 /* PrimativeBuffer.m */,
				46E377AA1593F49E0027D0E5 /* RenderConsumer.h */,
				46E377AB1593FA590027D0E5 /* RenderProvider.h */,
				46E377AF159405690027D0E5 /* RenderTypes.h */,
				4666F6391594422900ECBFD3 /* TextureManager.h */,
				4666F63A1594422900ECBFD3 /* TextureManager.m */,
				46696F311594CDAA00D5C8F2 /* OGL2Renderer.h */,
				46696F321594CDAA00D5C8F2 /* OGL2Renderer.m */,
				46696F351594D0B200D5C8F2 /* RenderTarget.h */,
				46696F361594D0B200D5C8F2 /* RenderTarget.m */,
				46696F381594D3A700D5C8F2 /* UtilMatrix.h */,
				46696F391594D3A700D5C8F2 /* UtilMatrix.m */,
				46696F3B1594DC9000D5C8F2 /* RenderProgram.h */,
				46696F3C1594DC9000D5C8F2 /* RenderProgram.m */,
				46696F3E1594E10200D5C8F2 /* RenderPolygon.h */,
				46696F3F1594E10200D5C8F2 /* RenderPolygon.m */,
				46E3778D1593E0F90027D0E5 /* Supporting Files */,
				46696F411594E22A00D5C8F2 /* RenderTexture.h */,
				46696F421594E22A00D5C8F2 /* RenderTexture.m */,
				46696F441594E3C900D5C8F2 /* ManagerFile.h */,
				46696F451594E3C900D5C8F2 /* ManagerFile.m */,
			);
			path = OpenGLES20GettingStarted;
			sourceTree = "<group>";
		};
		46E3778D1593E0F90027D0E5 /* Supporting Files */ = {
			isa = PBXGroup;
			children = (
				46696F471594E6AF00D5C8F2 /* colorbox.fs */,
				46696F481594E6AF00D5C8F2 /* colorbox.vs */,
				46696F491594E6AF00D5C8F2 /* texture.fs */,
				46696F4A1594E6AF00D5C8F2 /* texture.vs */,
				4666F63C1594449500ECBFD3 /* mg.png */,
				46E3778E1593E0F90027D0E5 /* OpenGLES20GettingStarted-Info.plist */,
				46E3778F1593E0F90027D0E5 /* InfoPlist.strings */,
				46E377921593E0F90027D0E5 /* main.m */,
				46E377941593E0F90027D0E5 /* OpenGLES20GettingStarted-Prefix.pch */,
			);
			name = "Supporting Files";
			sourceTree = "<group>";
		};
/* End PBXGroup section */

/* Begin PBXNativeTarget section */
		46E377811593E0F90027D0E5 /* OpenGLES20GettingStarted */ = {
			isa = PBXNativeTarget;
			buildConfigurationList = 46E3779A1593E0F90027D0E5 /* Build configuration list for PBXNativeTarget "OpenGLES20GettingStarted" */;
			buildPhases = (
				46E3777E1593E0F90027D0E5 /* Sources */,
				46E3777F1593E0F90027D0E5 /* Frameworks */,
				46E377801593E0F90027D0E5 /* Resources */,
			);
			buildRules = (
			);
			dependencies = (
			);
			name = OpenGLES20GettingStarted;
			productName = OpenGLES20GettingStarted;
			productReference = 46E377821593E0F90027D0E5 /* OpenGLES20GettingStarted.app */;
			productType = "com.apple.product-type.application";
		};
/* End PBXNativeTarget section */

/* Begin PBXProject section */
		46E377791593E0F90027D0E5 /* Project object */ = {
			isa = PBXProject;
			attributes = {
				LastUpgradeCheck = 0430;
			};
			buildConfigurationList = 46E3777C1593E0F90027D0E5 /* Build configuration list for PBXProject "OpenGLES20GettingStarted" */;
			compatibilityVersion = "Xcode 3.2";
			developmentRegion = English;
			hasScannedForEncodings = 0;
			knownRegions = (
				en,
			);
			mainGroup = 46E377771593E0F90027D0E5;
			productRefGroup = 46E377831593E0F90027D0E5 /* Products */;
			projectDirPath = "";
			projectRoot = "";
			targets = (
				46E377811593E0F90027D0E5 /* OpenGLES20GettingStarted */,
			);
		};
/* End PBXProject section */

/* Begin PBXResourcesBuildPhase section */
		46E377801593E0F90027D0E5 /* Resources */ = {
			isa = PBXResourcesBuildPhase;
			buildActionMask = 2147483647;
			files = (
				46E377911593E0F90027D0E5 /* InfoPlist.strings in Resources */,
				46696F4B1594E6AF00D5C8F2 /* colorbox.fs in Resources */,
				46696F4C1594E6AF00D5C8F2 /* colorbox.vs in Resources */,
				46696F4D1594E6AF00D5C8F2 /* texture.fs in Resources */,
				46696F4E1594E6AF00D5C8F2 /* texture.vs in Resources */,
				4666F63D1594449500ECBFD3 /* mg.png in Resources */,
			);
			runOnlyForDeploymentPostprocessing = 0;
		};
/* End PBXResourcesBuildPhase section */

/* Begin PBXSourcesBuildPhase section */
		46E3777E1593E0F90027D0E5 /* Sources */ = {
			isa = PBXSourcesBuildPhase;
			buildActionMask = 2147483647;
			files = (
				46E377931593E0F90027D0E5 /* main.m in Sources */,
				46E377971593E0F90027D0E5 /* AppDelegate.m in Sources */,
				46E3779F1593E2170027D0E5 /* GenericRenderer.m in Sources */,
				46E377A21593E2D80027D0E5 /* GLView.m in Sources */,
				46E377A91593F4570027D0E5 /* OGL11Renderer.m in Sources */,
				46E377AE1593FAC70027D0E5 /* GenericProvider.m in Sources */,
				46E377B215940FD60027D0E5 /* PrimativeBuffer.m in Sources */,
				4666F63B1594422900ECBFD3 /* TextureManager.m in Sources */,
				46696F331594CDAA00D5C8F2 /* OGL2Renderer.m in Sources */,
				46696F371594D0B200D5C8F2 /* RenderTarget.m in Sources */,
				46696F3A1594D3A800D5C8F2 /* UtilMatrix.m in Sources */,
				46696F3D1594DC9000D5C8F2 /* RenderProgram.m in Sources */,
				46696F401594E10200D5C8F2 /* RenderPolygon.m in Sources */,
				46696F431594E22A00D5C8F2 /* RenderTexture.m in Sources */,
				46696F461594E3C900D5C8F2 /* ManagerFile.m in Sources */,
			);
			runOnlyForDeploymentPostprocessing = 0;
		};
/* End PBXSourcesBuildPhase section */

/* Begin PBXVariantGroup section */
		46E3778F1593E0F90027D0E5 /* InfoPlist.strings */ = {
			isa = PBXVariantGroup;
			children = (
				46E377901593E0F90027D0E5 /* en */,
			);
			name = InfoPlist.strings;
			sourceTree = "<group>";
		};
/* End PBXVariantGroup section */

/* Begin XCBuildConfiguration section */
		46E377981593E0F90027D0E5 /* Debug */ = {
			isa = XCBuildConfiguration;
			buildSettings = {
				ALWAYS_SEARCH_USER_PATHS = NO;
				ARCHS = "$(ARCHS_STANDARD_32_BIT)";
				"CODE_SIGN_IDENTITY[sdk=iphoneos*]" = "iPhone Developer";
				COPY_PHASE_STRIP = NO;
				GCC_C_LANGUAGE_STANDARD = gnu99;
				GCC_DYNAMIC_NO_PIC = NO;
				GCC_OPTIMIZATION_LEVEL = 0;
				GCC_PREPROCESSOR_DEFINITIONS = (
					"DEBUG=1",
					"$(inherited)",
				);
				GCC_SYMBOLS_PRIVATE_EXTERN = NO;
				GCC_VERSION = com.apple.compilers.llvm.clang.1_0;
				GCC_WARN_ABOUT_RETURN_TYPE = YES;
				GCC_WARN_UNINITIALIZED_AUTOS = YES;
				GCC_WARN_UNUSED_VARIABLE = YES;
				IPHONEOS_DEPLOYMENT_TARGET = 4.0;
				SDKROOT = iphoneos;
				TARGETED_DEVICE_FAMILY = "1,2";
			};
			name = Debug;
		};
		46E377991593E0F90027D0E5 /* Release */ = {
			isa = XCBuildConfiguration;
			buildSettings = {
				ALWAYS_SEARCH_USER_PATHS = NO;
				ARCHS = "$(ARCHS_STANDARD_32_BIT)";
				"CODE_SIGN_IDENTITY[sdk=iphoneos*]" = "iPhone Developer";
				COPY_PHASE_STRIP = YES;
				GCC_C_LANGUAGE_STANDARD = gnu99;
				GCC_VERSION = com.apple.compilers.llvm.clang.1_0;
				GCC_WARN_ABOUT_RETURN_TYPE = YES;
				GCC_WARN_UNINITIALIZED_AUTOS = YES;
				GCC_WARN_UNUSED_VARIABLE = YES;
				IPHONEOS_DEPLOYMENT_TARGET = 4.0;
				OTHER_CFLAGS = "-DNS_BLOCK_ASSERTIONS=1";
				SDKROOT = iphoneos;
				TARGETED_DEVICE_FAMILY = "1,2";
				VALIDATE_PRODUCT = YES;
			};
			name = Release;
		};
		46E3779B1593E0F90027D0E5 /* Debug */ = {
			isa = XCBuildConfiguration;
			buildSettings = {
				GCC_PRECOMPILE_PREFIX_HEADER = YES;
				GCC_PREFIX_HEADER = "OpenGLES20GettingStarted/OpenGLES20GettingStarted-Prefix.pch";
				INFOPLIST_FILE = "OpenGLES20GettingStarted/OpenGLES20GettingStarted-Info.plist";
				PRODUCT_NAME = "$(TARGET_NAME)";
				WRAPPER_EXTENSION = app;
			};
			name = Debug;
		};
		46E3779C1593E0F90027D0E5 /* Release */ = {
			isa = XCBuildConfiguration;
			buildSettings = {
				GCC_PRECOMPILE_PREFIX_HEADER = YES;
				GCC_PREFIX_HEADER = "OpenGLES20GettingStarted/OpenGLES20GettingStarted-Prefix.pch";
				INFOPLIST_FILE = "OpenGLES20GettingStarted/OpenGLES20GettingStarted-Info.plist";
				PRODUCT_NAME = "$(TARGET_NAME)";
				WRAPPER_EXTENSION = app;
			};
			name = Release;
		};
/* End XCBuildConfiguration section */

/* Begin XCConfigurationList section */
		46E3777C1593E0F90027D0E5 /* Build configuration list for PBXProject "OpenGLES20GettingStarted" */ = {
			isa = XCConfigurationList;
			buildConfigurations = (
				46E377981593E0F90027D0E5 /* Debug */,
				46E377991593E0F90027D0E5 /* Release */,
			);
			defaultConfigurationIsVisible = 0;
			defaultConfigurationName = Release;
		};
		46E3779A1593E0F90027D0E5 /* Build configuration list for PBXNativeTarget "OpenGLES20GettingStarted" */ = {
			isa = XCConfigurationList;
			buildConfigurations = (
				46E3779B1593E0F90027D0E5 /* Debug */,
				46E3779C1593E0F90027D0E5 /* Release */,
			);
			defaultConfigurationIsVisible = 0;
			defaultConfigurationName = Release;
		};
/* End XCConfigurationList section */
	};
	rootObject = 46E377791593E0F90027D0E5 /* Project object */;
}
